// !$*UTF8*$!
{
	archiveVersion = 1;
	classes = {
	};
	objectVersion = 50;
	objects = {

/* Begin PBXBuildFile section */
		3330413D21F6BE55002DA524 /* AppDelegate.swift in Sources */ = {isa = PBXBuildFile; fileRef = 3330413C21F6BE55002DA524 /* AppDelegate.swift */; };
		3330413F21F6BE55002DA524 /* ViewController .swift in Sources */ = {isa = PBXBuildFile; fileRef = 3330413E21F6BE55002DA524 /* ViewController .swift */; };
		3330414221F6BE55002DA524 /* Main.storyboard in Resources */ = {isa = PBXBuildFile; fileRef = 3330414021F6BE55002DA524 /* Main.storyboard */; };
		3330414421F6BE55002DA524 /* Assets.xcassets in Resources */ = {isa = PBXBuildFile; fileRef = 3330414321F6BE55002DA524 /* Assets.xcassets */; };
		3330414721F6BE55002DA524 /* LaunchScreen.storyboard in Resources */ = {isa = PBXBuildFile; fileRef = 3330414521F6BE55002DA524 /* LaunchScreen.storyboard */; };
		3330415021F6BE92002DA524 /* Money.swift in Sources */ = {isa = PBXBuildFile; fileRef = 3330414F21F6BE92002DA524 /* Money.swift */; };
		3330415221F6BEA5002DA524 /* Currency.swift in Sources */ = {isa = PBXBuildFile; fileRef = 3330415121F6BEA5002DA524 /* Currency.swift */; };
/* End PBXBuildFile section */

/* Begin PBXFileReference section */
		3330413921F6BE55002DA524 /* XBNumberFormatter.app */ = {isa = PBXFileReference; explicitFileType = wrapper.application; includeInIndex = 0; path = XBNumberFormatter.app; sourceTree = BUILT_PRODUCTS_DIR; };
		3330413C21F6BE55002DA524 /* AppDelegate.swift */ = {isa = PBXFileReference; lastKnownFileType = sourcecode.swift; path = AppDelegate.swift; sourceTree = "<group>"; };
		3330413E21F6BE55002DA524 /* ViewController .swift */ = {isa = PBXFileReference; lastKnownFileType = sourcecode.swift; path = "ViewController .swift"; sourceTree = "<group>"; };
		3330414121F6BE55002DA524 /* Base */ = {isa = PBXFileReference; lastKnownFileType = file.storyboard; name = Base; path = Base.lproj/Main.storyboard; sourceTree = "<group>"; };
		3330414321F6BE55002DA524 /* Assets.xcassets */ = {isa = PBXFileReference; lastKnownFileType = folder.assetcatalog; path = Assets.xcassets; sourceTree = "<group>"; };
		3330414621F6BE55002DA524 /* Base */ = {isa = PBXFileReference; lastKnownFileType = file.storyboard; name = Base; path = Base.lproj/LaunchScreen.storyboard; sourceTree = "<group>"; };
		3330414821F6BE55002DA524 /* Info.plist */ = {isa = PBXFileReference; lastKnownFileType = text.plist.xml; path = Info.plist; sourceTree = "<group>"; };
		3330414F21F6BE92002DA524 /* Money.swift */ = {isa = PBXFileReference; lastKnownFileType = sourcecode.swift; path = Money.swift; sourceTree = "<group>"; };
		3330415121F6BEA5002DA524 /* Currency.swift */ = {isa = PBXFileReference; lastKnownFileType = sourcecode.swift; path = Currency.swift; sourceTree = "<group>"; };
/* End PBXFileReference section */

/* Begin PBXFrameworksBuildPhase section */
		3330413621F6BE55002DA524 /* Frameworks */ = {
			isa = PBXFrameworksBuildPhase;
			buildActionMask = 2147483647;
			files = (
			);
			runOnlyForDeploymentPostprocessing = 0;
		};
/* End PBXFrameworksBuildPhase section */

/* Begin PBXGroup section */
		3330413021F6BE55002DA524 = {
			isa = PBXGroup;
			children = (
				3330413B21F6BE55002DA524 /* XBNumberFormatter */,
				3330413A21F6BE55002DA524 /* Products */,
			);
			sourceTree = "<group>";
		};
		3330413A21F6BE55002DA524 /* Products */ = {
			isa = PBXGroup;
			children = (
				3330413921F6BE55002DA524 /* XBNumberFormatter.app */,
			);
			name = Products;
			sourceTree = "<group>";
		};
		3330413B21F6BE55002DA524 /* XBNumberFormatter */ = {
			isa = PBXGroup;
			children = (
				3330414E21F6BE7F002DA524 /* Core */,
				3330413C21F6BE55002DA524 /* AppDelegate.swift */,
				3330413E21F6BE55002DA524 /* ViewController .swift */,
				3330414021F6BE55002DA524 /* Main.storyboard */,
				3330414321F6BE55002DA524 /* Assets.xcassets */,
				3330414521F6BE55002DA524 /* LaunchScreen.storyboard */,
				3330414821F6BE55002DA524 /* Info.plist */,
			);
			path = XBNumberFormatter;
			sourceTree = "<group>";
		};
		3330414E21F6BE7F002DA524 /* Core */ = {
			isa = PBXGroup;
			children = (
				3330414F21F6BE92002DA524 /* Money.swift */,
				3330415121F6BEA5002DA524 /* Currency.swift */,
			);
			path = Core;
			sourceTree = "<group>";
		};
/* End PBXGroup section */

/* Begin PBXNativeTarget section */
		3330413821F6BE55002DA524 /* XBNumberFormatter */ = {
			isa = PBXNativeTarget;
			buildConfigurationList = 3330414B21F6BE55002DA524 /* Build configuration list for PBXNativeTarget "XBNumberFormatter" */;
			buildPhases = (
				3330413521F6BE55002DA524 /* Sources */,
				3330413621F6BE55002DA524 /* Frameworks */,
				3330413721F6BE55002DA524 /* Resources */,
			);
			buildRules = (
			);
			dependencies = (
			);
			name = XBNumberFormatter;
			productName = XBNumberFormatter;
			productReference = 3330413921F6BE55002DA524 /* XBNumberFormatter.app */;
			productType = "com.apple.product-type.application";
		};
/* End PBXNativeTarget section */

/* Begin PBXProject section */
		3330413121F6BE55002DA524 /* Project object */ = {
			isa = PBXProject;
			attributes = {
				LastSwiftUpdateCheck = 1010;
				LastUpgradeCheck = 1010;
				ORGANIZATIONNAME = Sky;
				TargetAttributes = {
					3330413821F6BE55002DA524 = {
						CreatedOnToolsVersion = 10.1;
					};
				};
			};
			buildConfigurationList = 3330413421F6BE55002DA524 /* Build configuration list for PBXProject "XBNumberFormatter" */;
			compatibilityVersion = "Xcode 9.3";
			developmentRegion = en;
			hasScannedForEncodings = 0;
			knownRegions = (
				en,
				Base,
			);
			mainGroup = 3330413021F6BE55002DA524;
			productRefGroup = 3330413A21F6BE55002DA524 /* Products */;
			projectDirPath = "";
			projectRoot = "";
			targets = (
				3330413821F6BE55002DA524 /* XBNumberFormatter */,
			);
		};
/* End PBXProject section */

/* Begin PBXResourcesBuildPhase section */
		3330413721F6BE55002DA524 /* Resources */ = {
			isa = PBXResourcesBuildPhase;
			buildActionMask = 2147483647;
			files = (
				3330414721F6BE55002DA524 /* LaunchScreen.storyboard in Resources */,
				3330414421F6BE55002DA524 /* Assets.xcassets in Resources */,
				3330414221F6BE55002DA524 /* Main.storyboard in Resources */,
			);
			runOnlyForDeploymentPostprocessing = 0;
		};
/* End PBXResourcesBuildPhase section */

/* Begin PBXSourcesBuildPhase section */
		3330413521F6BE55002DA524 /* Sources */ = {
			isa = PBXSourcesBuildPhase;
			buildActionMask = 2147483647;
			files = (
				3330415221F6BEA5002DA524 /* Currency.swift in Sources */,
				3330415021F6BE92002DA524 /* Money.swift in Sources */,
				3330413F21F6BE55002DA524 /* ViewController .swift in Sources */,
				3330413D21F6BE55002DA524 /* AppDelegate.swift in Sources */,
			);
			runOnlyForDeploymentPostprocessing = 0;
		};
/* End PBXSourcesBuildPhase section */

/* Begin PBXVariantGroup section */
		3330414021F6BE55002DA524 /* Main.storyboard */ = {
			isa = PBXVariantGroup;
			children = (
				3330414121F6BE55002DA524 /* Base */,
			);
			name = Main.storyboard;
			sourceTree = "<group>";
		};
		3330414521F6BE55002DA524 /* LaunchScreen.storyboard */ = {
			isa = PBXVariantGroup;
			children = (
				3330414621F6BE55002DA524 /* Base */,
			);
			name = LaunchScreen.storyboard;
			sourceTree = "<group>";
		};
/* End PBXVariantGroup section */

/* Begin XCBuildConfiguration section */
		3330414921F6BE55002DA524 /* Debug */ = {
			isa = XCBuildConfiguration;
			buildSettings = {
				ALWAYS_SEARCH_USER_PATHS = NO;
				CLANG_ANALYZER_NONNULL = YES;
				CLANG_ANALYZER_NUMBER_OBJECT_CONVERSION = YES_AGGRESSIVE;
				CLANG_CXX_LANGUAGE_STANDARD = "gnu++14";
				CLANG_CXX_LIBRARY = "libc++";
				CLANG_ENABLE_MODULES = YES;
				CLANG_ENABLE_OBJC_ARC = YES;
				CLANG_ENABLE_OBJC_WEAK = YES;
				CLANG_WARN_BLOCK_CAPTURE_AUTORELEASING = YES;
				CLANG_WARN_BOOL_CONVERSION = YES;
				CLANG_WARN_COMMA = YES;
				CLANG_WARN_CONSTANT_CONVERSION = YES;
				CLANG_WARN_DEPRECATED_OBJC_IMPLEMENTATIONS = YES;
				CLANG_WARN_DIRECT_OBJC_ISA_USAGE = YES_ERROR;
				CLANG_WARN_DOCUMENTATION_COMMENTS = YES;
				CLANG_WARN_EMPTY_BODY = YES;
				CLANG_WARN_ENUM_CONVERSION = YES;
				CLANG_WARN_INFINITE_RECURSION = YES;
				CLANG_WARN_INT_CONVERSION = YES;
				CLANG_WARN_NON_LITERAL_NULL_CONVERSION = YES;
				CLANG_WARN_OBJC_IMPLICIT_RETAIN_SELF = YES;
				CLANG_WARN_OBJC_LITERAL_CONVERSION = YES;
				CLANG_WARN_OBJC_ROOT_CLASS = YES_ERROR;
				CLANG_WARN_RANGE_LOOP_ANALYSIS = YES;
				CLANG_WARN_STRICT_PROTOTYPES = YES;
				CLANG_WARN_SUSPICIOUS_MOVE = YES;
				CLANG_WARN_UNGUARDED_AVAILABILITY = YES_AGGRESSIVE;
				CLANG_WARN_UNREACHABLE_CODE = YES;
				CLANG_WARN__DUPLICATE_METHOD_MATCH = YES;
				CODE_SIGN_IDENTITY = "iPhone Developer";
				COPY_PHASE_STRIP = NO;
				DEBUG_INFORMATION_FORMAT = dwarf;
				ENABLE_STRICT_OBJC_MSGSEND = YES;
				ENABLE_TESTABILITY = YES;
				GCC_C_LANGUAGE_STANDARD = gnu11;
				GCC_DYNAMIC_NO_PIC = NO;
				GCC_NO_COMMON_BLOCKS = YES;
				GCC_OPTIMIZATION_LEVEL = 0;
				GCC_PREPROCESSOR_DEFINITIONS = (
					"DEBUG=1",
					"$(inherited)",
				);
				GCC_WARN_64_TO_32_BIT_CONVERSION = YES;
				GCC_WARN_ABOUT_RETURN_TYPE = YES_ERROR;
				GCC_WARN_UNDECLARED_SELECTOR = YES;
				GCC_WARN_UNINITIALIZED_AUTOS = YES_AGGRESSIVE;
				GCC_WARN_UNUSED_FUNCTION = YES;
				GCC_WARN_UNUSED_VARIABLE = YES;
				IPHONEOS_DEPLOYMENT_TARGET = 12.1;
				MTL_ENABLE_DEBUG_INFO = INCLUDE_SOURCE;
				MTL_FAST_MATH = YES;
				ONLY_ACTIVE_ARCH = YES;
				SDKROOT = iphoneos;
				SWIFT_ACTIVE_COMPILATION_CONDITIONS = DEBUG;
				SWIFT_OPTIMIZATION_LEVEL = "-Onone";
			};
			name = Debug;
		};
		3330414A21F6BE55002DA524 /* Release */ = {
			isa = XCBuildConfiguration;
			buildSettings = {
				ALWAYS_SEARCH_USER_PATHS = NO;
				CLANG_ANALYZER_NONNULL = YES;
				CLANG_ANALYZER_NUMBER_OBJECT_CONVERSION = YES_AGGRESSIVE;
				CLANG_CXX_LANGUAGE_STANDARD = "gnu++14";
				CLANG_CXX_LIBRARY = "libc++";
				CLANG_ENABLE_MODULES = YES;
				CLANG_ENABLE_OBJC_ARC = YES;
				CLANG_ENABLE_OBJC_WEAK = YES;
				CLANG_WARN_BLOCK_CAPTURE_AUTORELEASING = YES;
				CLANG_WARN_BOOL_CONVERSION = YES;
				CLANG_WARN_COMMA = YES;
				CLANG_WARN_CONSTANT_CONVERSION = YES;
				CLANG_WARN_DEPRECATED_OBJC_IMPLEMENTATIONS = YES;
				CLANG_WARN_DIRECT_OBJC_ISA_USAGE = YES_ERROR;
				CLANG_WARN_DOCUMENTATION_COMMENTS = YES;
				CLANG_WARN_EMPTY_BODY = YES;
				CLANG_WARN_ENUM_CONVERSION = YES;
				CLANG_WARN_INFINITE_RECURSION = YES;
				CLANG_WARN_INT_CONVERSION = YES;
				CLANG_WARN_NON_LITERAL_NULL_CONVERSION = YES;
				CLANG_WARN_OBJC_IMPLICIT_RETAIN_SELF = YES;
				CLANG_WARN_OBJC_LITERAL_CONVERSION = YES;
				CLANG_WARN_OBJC_ROOT_CLASS = YES_ERROR;
				CLANG_WARN_RANGE_LOOP_ANALYSIS = YES;
				CLANG_WARN_STRICT_PROTOTYPES = YES;
				CLANG_WARN_SUSPICIOUS_MOVE = YES;
				CLANG_WARN_UNGUARDED_AVAILABILITY = YES_AGGRESSIVE;
				CLANG_WARN_UNREACHABLE_CODE = YES;
				CLANG_WARN__DUPLICATE_METHOD_MATCH = YES;
				CODE_SIGN_IDENTITY = "iPhone Developer";
				COPY_PHASE_STRIP = NO;
				DEBUG_INFORMATION_FORMAT = "dwarf-with-dsym";
				ENABLE_NS_ASSERTIONS = NO;
				ENABLE_STRICT_OBJC_MSGSEND = YES;
				GCC_C_LANGUAGE_STANDARD = gnu11;
				GCC_NO_COMMON_BLOCKS = YES;
				GCC_WARN_64_TO_32_BIT_CONVERSION = YES;
				GCC_WARN_ABOUT_RETURN_TYPE = YES_ERROR;
				GCC_WARN_UNDECLARED_SELECTOR = YES;
				GCC_WARN_UNINITIALIZED_AUTOS = YES_AGGRESSIVE;
				GCC_WARN_UNUSED_FUNCTION = YES;
				GCC_WARN_UNUSED_VARIABLE = YES;
				IPHONEOS_DEPLOYMENT_TARGET = 12.1;
				MTL_ENABLE_DEBUG_INFO = NO;
				MTL_FAST_MATH = YES;
				SDKROOT = iphoneos;
				SWIFT_COMPILATION_MODE = wholemodule;
				SWIFT_OPTIMIZATION_LEVEL = "-O";
				VALIDATE_PRODUCT = YES;
			};
			name = Release;
		};
		3330414C21F6BE55002DA524 /* Debug */ = {
			isa = XCBuildConfiguration;
			buildSettings = {
				ASSETCATALOG_COMPILER_APPICON_NAME = AppIcon;
				CODE_SIGN_STYLE = Automatic;
				DEVELOPMENT_TEAM = BU9U9E5458;
				INFOPLIST_FILE = XBNumberFormatter/Info.plist;
				LD_RUNPATH_SEARCH_PATHS = (
					"$(inherited)",
					"@executable_path/Frameworks",
				);
				PRODUCT_BUNDLE_IDENTIFIER = com.mike.XBNumberFormatter;
				PRODUCT_NAME = "$(TARGET_NAME)";
				SWIFT_VERSION = 4.2;
				TARGETED_DEVICE_FAMILY = "1,2";
			};
			name = Debug;
		};
		3330414D21F6BE55002DA524 /* Release */ = {
			isa = XCBuildConfiguration;
			buildSettings = {
				ASSETCATALOG_COMPILER_APPICON_NAME = AppIcon;
				CODE_SIGN_STYLE = Automatic;
				DEVELOPMENT_TEAM = BU9U9E5458;
				INFOPLIST_FILE = XBNumberFormatter/Info.plist;
				LD_RUNPATH_SEARCH_PATHS = (
					"$(inherited)",
					"@executable_path/Frameworks",
				);
				PRODUCT_BUNDLE_IDENTIFIER = com.mike.XBNumberFormatter;
				PRODUCT_NAME = "$(TARGET_NAME)";
				SWIFT_VERSION = 4.2;
				TARGETED_DEVICE_FAMILY = "1,2";
			};
			name = Release;
		};
/* End XCBuildConfiguration section */

/* Begin XCConfigurationList section */
		3330413421F6BE55002DA524 /* Build configuration list for PBXProject "XBNumberFormatter" */ = {
			isa = XCConfigurationList;
			buildConfigurations = (
				3330414921F6BE55002DA524 /* Debug */,
				3330414A21F6BE55002DA524 /* Release */,
			);
			defaultConfigurationIsVisible = 0;
			defaultConfigurationName = Release;
		};
		3330414B21F6BE55002DA524 /* Build configuration list for PBXNativeTarget "XBNumberFormatter" */ = {
			isa = XCConfigurationList;
			buildConfigurations = (
				3330414C21F6BE55002DA524 /* Debug */,
				3330414D21F6BE55002DA524 /* Release */,
			);
			defaultConfigurationIsVisible = 0;
			defaultConfigurationName = Release;
		};
/* End XCConfigurationList section */
	};
	rootObject = 3330413121F6BE55002DA524 /* Project object */;
}
